
Microsoft Visual Studio Solution File, Format Version 12.00
# Visual Studio Version 17
VisualStudioVersion = 17.6.33829.357
MinimumVisualStudioVersion = 10.0.40219.1
Project("{FAE04EC0-301F-11D3-BF4B-00C04F79EFBC}") = "OnlineStore", "OnlineStore.csproj", "{C10B718E-CFBE-424E-A855-D20F67DA9774}"
EndProject
Project("{FAE04EC0-301F-11D3-BF4B-00C04F79EFBC}") = "OnlineSotre_DataAccess", "..\OnlineSotre_DataAccess\OnlineSotre_DataAccess.csproj", "{CC3EEFC9-56E1-4BD9-A967-7C8C89B8CCF6}"
EndProject
Project("{FAE04EC0-301F-11D3-BF4B-00C04F79EFBC}") = "OnlineStore_Business", "..\OnlineStore_Business\OnlineStore_Business.csproj", "{638317CF-025B-4A4D-A91E-EE68CE1F9CA9}"
EndProject
Global
	GlobalSection(SolutionConfigurationPlatforms) = preSolution
		Debug|Any CPU = Debug|Any CPU
		Release|Any CPU = Release|Any CPU
	EndGlobalSection
	GlobalSection(ProjectConfigurationPlatforms) = postSolution
		{C10B718E-CFBE-424E-A855-D20F67DA9774}.Debug|Any CPU.ActiveCfg = Debug|Any CPU
		{C10B718E-CFBE-424E-A855-D20F67DA9774}.Debug|Any CPU.Build.0 = Debug|Any CPU
		{C10B718E-CFBE-424E-A855-D20F67DA9774}.Release|Any CPU.ActiveCfg = Release|Any CPU
		{C10B718E-CFBE-424E-A855-D20F67DA9774}.Release|Any CPU.Build.0 = Release|Any CPU
		{CC3EEFC9-56E1-4BD9-A967-7C8C89B8CCF6}.Debug|Any CPU.ActiveCfg = Debug|Any CPU
		{CC3EEFC9-56E1-4BD9-A967-7C8C89B8CCF6}.Debug|Any CPU.Build.0 = Debug|Any CPU
		{CC3EEFC9-56E1-4BD9-A967-7C8C89B8CCF6}.Release|Any CPU.ActiveCfg = Release|Any CPU
		{CC3EEFC9-56E1-4BD9-A967-7C8C89B8CCF6}.Release|Any CPU.Build.0 = Release|Any CPU
		{638317CF-025B-4A4D-A91E-EE68CE1F9CA9}.Debug|Any CPU.ActiveCfg = Debug|Any CPU
		{638317CF-025B-4A4D-A91E-EE68CE1F9CA9}.Debug|Any CPU.Build.0 = Debug|Any CPU
		{638317CF-025B-4A4D-A91E-EE68CE1F9CA9}.Release|Any CPU.ActiveCfg = Release|Any CPU
		{638317CF-025B-4A4D-A91E-EE68CE1F9CA9}.Release|Any CPU.Build.0 = Release|Any CPU
	EndGlobalSection
	GlobalSection(SolutionProperties) = preSolution
		HideSolutionNode = FALSE
	EndGlobalSection
	GlobalSection(ExtensibilityGlobals) = postSolution
		SolutionGuid = {B26F6D76-3088-42DC-A016-9E5875BC1438}
	EndGlobalSection
EndGlobal
